# This file is automatically @generated by Poetry 2.1.4 and should not be changed by hand.

[[package]]
name = "annotated-doc"
version = "0.0.4"
description = "Document parameters, class attributes, return types, and variables inline, with Annotated."
optional = false
python-versions = ">=3.8"
groups = ["main"]
files = [
    {file = "annotated_doc-0.0.4-py3-none-any.whl", hash = "sha256:571ac1dc6991c450b25a9c2d84a3705e2ae7a53467b5d111c24fa8baabbed320"},
    {file = "annotated_doc-0.0.4.tar.gz", hash = "sha256:fbcda96e87e9c92ad167c2e53839e57503ecfda18804ea28102353485033faa4"},
]

[package.source]
type = "legacy"
url = "https://pypi.tuna.tsinghua.edu.cn/simple"
reference = "tuna"

[[package]]
name = "click"
version = "8.3.3"
description = "Composable command line interface toolkit"
optional = false
python-versions = ">=3.10"
groups = ["main"]
files = [
    {file = "click-8.3.3-py3-none-any.whl", hash = "sha256:a2bf429bb3033c89fa4936ffb35d5cb471e3719e1f3c8a7c3fff0b8314305613"},
    {file = "click-8.3.3.tar.gz", hash = "sha256:398329ad4837b2ff7cbe1dd166a4c0f8900c3ca3a218de04466f38f6497f18a2"},
]

[package.dependencies]
colorama = {version = "*", markers = "platform_system == \"Windows\""}

[package.source]
type = "legacy"
url = "https://pypi.tuna.tsinghua.edu.cn/simple"
reference = "tuna"

[[package]]
name = "colorama"
version = "0.4.6"
description = "Cross-platform colored terminal text."
optional = false
python-versions = "!=3.0.*,!=3.1.*,!=3.2.*,!=3.3.*,!=3.4.*,!=3.5.*,!=3.6.*,>=2.7"
groups = ["main"]
markers = "platform_system == \"Windows\""
files = [
    {file = "colorama-0.4.6-py2.py3-none-any.whl", hash = "sha256:4f1d9991f5acc0ca119f9d443620b77f9d6b33703e51011c16baf57afb285fc6"},
    {file = "colorama-0.4.6.tar.gz", hash = "sha256:08695f5cb7ed6e0531a20572697297273c47b8cae5a63ffc6d6ed5c201be6e44"},
]

[package.source]
type = "legacy"
url = "https://pypi.tuna.tsinghua.edu.cn/simple"
reference = "tuna"

[[package]]
name = "grpcio"
version = "1.80.0"
description = "HTTP/2-based RPC framework"
optional = false
python-versions = ">=3.9"
groups = ["main"]
files = [
    {file = "grpcio-1.80.0-cp310-cp310-linux_armv7l.whl", hash = "sha256:886457a7768e408cdce226ad1ca67d2958917d306523a0e21e1a2fdaa75c9c9c"},
    {file = "grpcio-1.80.0-cp310-cp310-macosx_11_0_universal2.whl", hash = "sha256:7b641fc3f1dc647bfd80bd713addc68f6d145956f64677e56d9ebafc0bd72388"},
    {file = "grpcio-1.80.0-cp310-cp310-manylinux2014_aarch64.manylinux_2_17_aarch64.whl", hash = "sha256:33eb763f18f006dc7fee1e69831d38d23f5eccd15b2e0f92a13ee1d9242e5e02"},
    {file = "grpcio-1.80.0-cp310-cp310-manylinux2014_i686.manylinux_2_17_i686.whl", hash = "sha256:52d143637e3872633fc7dd7c3c6a1c84e396b359f3a72e215f8bf69fd82084fc"},
    {file = "grpcio-1.80.0-cp310-cp310-manylinux2014_x86_64.manylinux_2_17_x86_64.whl", hash = "sha256:c51bf8ac4575af2e0678bccfb07e47321fc7acb5049b4482832c5c195e04e13a"},
    {file = "grpcio-1.80.0-cp310-cp310-musllinux_1_2_aarch64.whl", hash = "sha256:50a9871536d71c4fba24ee856abc03a87764570f0c457dd8db0b4018f379fed9"},
    {file = "grpcio-1.80.0-cp310-cp310-musllinux_1_2_i686.whl", hash = "sha256:a72d84ad0514db063e21887fbacd1fd7acb4d494a564cae22227cd45c7fbf199"},
    {file = "grpcio-1.80.0-cp310-cp310-musllinux_1_2_x86_64.whl", hash = "sha256:f7691a6788ad9196872f95716df5bc643ebba13c97140b7a5ee5c8e75d1dea81"},
    {file = "grpcio-1.80.0-cp310-cp310-win32.whl", hash = "sha256:46c2390b59d67f84e882694d489f5b45707c657832d7934859ceb8c33f467069"},
    {file = "grpcio-1.80.0-cp310-cp310-win_amd64.whl", hash = "sha256:dc053420fc75749c961e2a4c906398d7c15725d36ccc04ae6d16093167223b58"},
    {file = "grpcio-1.80.0-cp311-cp311-linux_armv7l.whl", hash = "sha256:dfab85db094068ff42e2a3563f60ab3dddcc9d6488a35abf0132daec13209c8a"},
    {file = "grpcio-1.80.0-cp311-cp311-macosx_11_0_universal2.whl", hash = "sha256:5c07e82e822e1161354e32da2662f741a4944ea955f9f580ec8fb409dd6f6060"},
    {file = "grpcio-1.80.0-cp311-cp311-manylinux2014_aarch64.manylinux_2_17_aarch64.whl", hash = "sha256:ba0915d51fd4ced2db5ff719f84e270afe0e2d4c45a7bdb1e8d036e4502928c2"},
    {file = "grpcio-1.80.0-cp311-cp311-manylinux2014_i686.manylinux_2_17_i686.whl", hash = "sha256:3cb8130ba457d2aa09fa6b7c3ed6b6e4e6a2685fce63cb803d479576c4d80e21"},
    {file = "grpcio-1.80.0-cp311-cp311-manylinux2014_x86_64.manylinux_2_17_x86_64.whl", hash = "sha256:09e5e478b3d14afd23f12e49e8b44c8684ac3c5f08561c43a5b9691c54d136ab"},
    {file = "grpcio-1.80.0-cp311-cp311-musllinux_1_2_aarch64.whl", hash = "sha256:00168469238b022500e486c1c33916acf2f2a9b2c022202cf8a1885d2e3073c1"},
    {file = "grpcio-1.80.0-cp311-cp311-musllinux_1_2_i686.whl", hash = "sha256:8502122a3cc1714038e39a0b071acb1207ca7844208d5ea0d091317555ee7106"},
    {file = "grpcio-1.80.0-cp311-cp311-musllinux_1_2_x86_64.whl", hash = "sha256:ce1794f4ea6cc3ca29463f42d665c32ba1b964b48958a66497917fe9069f26e6"},
    {file = "grpcio-1.80.0-cp311-cp311-win32.whl", hash = "sha256:51b4a7189b0bef2aa30adce3c78f09c83526cf3dddb24c6a96555e3b97340440"},
    {file = "grpcio-1.80.0-cp311-cp311-win_amd64.whl", hash = "sha256:02e64bb0bb2da14d947a49e6f120a75e947250aebe65f9629b62bb1f5c14e6e9"},
    {file = "grpcio-1.80.0-cp312-cp312-linux_armv7l.whl", hash = "sha256:c624cc9f1008361014378c9d776de7182b11fe8b2e5a81bc69f23a295f2a1ad0"},
    {file = "grpcio-1.80.0-cp312-cp312-macosx_11_0_universal2.whl", hash = "sha256:f49eddcac43c3bf350c0385366a58f36bed8cc2c0ec35ef7b74b49e56552c0c2"},
    {file = "grpcio-1.80.0-cp312-cp312-manylinux2014_aarch64.manylinux_2_17_aarch64.whl", hash = "sha256:d334591df610ab94714048e0d5b4f3dd5ad1bee74dfec11eee344220077a79de"},
    {file = "grpcio-1.80.0-cp312-cp312-manylinux2014_i686.manylinux_2_17_i686.whl", hash = "sha256:0cb517eb1d0d0aaf1d87af7cc5b801d686557c1d88b2619f5e31fab3c2315921"},
    {file = "grpcio-1.80.0-cp312-cp312-manylinux2014_x86_64.manylinux_2_17_x86_64.whl", hash = "sha256:4e78c4ac0d97dc2e569b2f4bcbbb447491167cb358d1a389fc4af71ab6f70411"},
    {file = "grpcio-1.80.0-cp312-cp312-musllinux_1_2_aarch64.whl", hash = "sha256:2ed770b4c06984f3b47eb0517b1c69ad0b84ef3f40128f51448433be904634cd"},
    {file = "grpcio-1.80.0-cp312-cp312-musllinux_1_2_i686.whl", hash = "sha256:256507e2f524092f1473071a05e65a5b10d84b82e3ff24c5b571513cfaa61e2f"},
    {file = "grpcio-1.80.0-cp312-cp312-musllinux_1_2_x86_64.whl", hash = "sha256:9a6284a5d907c37db53350645567c522be314bac859a64a7a5ca63b77bb7958f"},
    {file = "grpcio-1.80.0-cp312-cp312-win32.whl", hash = "sha256:c71309cfce2f22be26aa4a847357c502db6c621f1a49825ae98aa0907595b193"},
    {file = "grpcio-1.80.0-cp312-cp312-win_amd64.whl", hash = "sha256:9fe648599c0e37594c4809d81a9e77bd138cc82eb8baa71b6a86af65426723ff"},
    {file = "grpcio-1.80.0-cp313-cp313-linux_armv7l.whl", hash = "sha256:e9e408fc016dffd20661f0126c53d8a31c2821b5c13c5d67a0f5ed5de93319ad"},
    {file = "grpcio-1.80.0-cp313-cp313-macosx_11_0_universal2.whl", hash = "sha256:92d787312e613754d4d8b9ca6d3297e69994a7912a32fa38c4c4e01c272974b0"},
    {file = "grpcio-1.80.0-cp313-cp313-manylinux2014_aarch64.manylinux_2_17_aarch64.whl", hash = "sha256:8ac393b58aa16991a2f1144ec578084d544038c12242da3a215966b512904d0f"},
    {file = "grpcio-1.80.0-cp313-cp313-manylinux2014_i686.manylinux_2_17_i686.whl", hash = "sha256:68e5851ac4b9afe07e7f84483803ad167852570d65326b34d54ca560bfa53fb6"},
    {file = "grpcio-1.80.0-cp313-cp313-manylinux2014_x86_64.manylinux_2_17_x86_64.whl", hash = "sha256:873ff5d17d68992ef6605330127425d2fc4e77e612fa3c3e0ed4e668685e3140"},
    {file = "grpcio-1.80.0-cp313-cp313-musllinux_1_2_aarch64.whl", hash = "sha256:2bea16af2750fd0a899bf1abd9022244418b55d1f37da2202249ba4ba673838d"},
    {file = "grpcio-1.80.0-cp313-cp313-musllinux_1_2_i686.whl", hash = "sha256:ba0db34f7e1d803a878284cd70e4c63cb6ae2510ba51937bf8f45ba997cefcf7"},
    {file = "grpcio-1.80.0-cp313-cp313-musllinux_1_2_x86_64.whl", hash = "sha256:8eb613f02d34721f1acf3626dfdb3545bd3c8505b0e52bf8b5710a28d02e8aa7"},
    {file = "grpcio-1.80.0-cp313-cp313-win32.whl", hash = "sha256:93b6f823810720912fd131f561f91f5fed0fda372b6b7028a2681b8194d5d294"},
    {file = "grpcio-1.80.0-cp313-cp313-win_amd64.whl", hash = "sha256:e172cf795a3ba5246d3529e4d34c53db70e888fa582a8ffebd2e6e48bc0cba50"},
    {file = "grpcio-1.80.0-cp314-cp314-linux_armv7l.whl", hash = "sha256:3d4147a97c8344d065d01bbf8b6acec2cf86fb0400d40696c8bdad34a64ffc0e"},
    {file = "grpcio-1.80.0-cp314-cp314-macosx_11_0_universal2.whl", hash = "sha256:d8e11f167935b3eb089ac9038e1a063e6d7dbe995c0bb4a661e614583352e76f"},
    {file = "grpcio-1.80.0-cp314-cp314-manylinux2014_aarch64.manylinux_2_17_aarch64.whl", hash = "sha256:f14b618fc30de822681ee986cfdcc2d9327229dc4c98aed16896761cacd468b9"},
    {file = "grpcio-1.80.0-cp314-cp314-manylinux2014_i686.manylinux_2_17_i686.whl", hash = "sha256:4ed39fbdcf9b87370f6e8df4e39ca7b38b3e5e9d1b0013c7b6be9639d6578d14"},
    {file = "grpcio-1.80.0-cp314-cp314-manylinux2014_x86_64.manylinux_2_17_x86_64.whl", hash = "sha256:2dcc70e9f0ba987526e8e8603a610fb4f460e42899e74e7a518bf3c68fe1bf05"},
    {file = "grpcio-1.80.0-cp314-cp314-musllinux_1_2_aarch64.whl", hash = "sha256:448c884b668b868562b1bda833c5fce6272d26e1926ec46747cda05741d302c1"},
    {file = "grpcio-1.80.0-cp314-cp314-musllinux_1_2_i686.whl", hash = "sha256:a1dc80fe55685b4a543555e6eef975303b36c8db1023b1599b094b92aa77965f"},
    {file = "grpcio-1.80.0-cp314-cp314-musllinux_1_2_x86_64.whl", hash = "sha256:31b9ac4ad1aa28ffee5503821fafd09e4da0a261ce1c1281c6c8da0423c83b6e"},
    {file = "grpcio-1.80.0-cp314-cp314-win32.whl", hash = "sha256:367ce30ba67d05e0592470428f0ec1c31714cab9ef19b8f2e37be1f4c7d32fae"},
    {file = "grpcio-1.80.0-cp314-cp314-win_amd64.whl", hash = "sha256:3b01e1f5464c583d2f567b2e46ff0d516ef979978f72091fd81f5ab7fa6e2e7f"},
    {file = "grpcio-1.80.0-cp39-cp39-linux_armv7l.whl", hash = "sha256:aacdfb4ed3eb919ca997504d27e03d5dba403c85130b8ed450308590a738f7a4"},
    {file = "grpcio-1.80.0-cp39-cp39-macosx_11_0_universal2.whl", hash = "sha256:a361c20ec1ccd3c3953d20fb6d7b4125093bdd10dff44c5e2bbb39e58917cedc"},
    {file = "grpcio-1.80.0-cp39-cp39-manylinux2014_aarch64.manylinux_2_17_aarch64.whl", hash = "sha256:43168871f170d1e4ed16ae03d10cd21efa29f190e710a624cee7e5ae07da6f4f"},
    {file = "grpcio-1.80.0-cp39-cp39-manylinux2014_i686.manylinux_2_17_i686.whl", hash = "sha256:1b97cd29a8eda100b559b455331c487a80915b6ea6bd91cf3e89836c4ee8d957"},
    {file = "grpcio-1.80.0-cp39-cp39-manylinux2014_x86_64.manylinux_2_17_x86_64.whl", hash = "sha256:bac1d573dfa84ce59a5547073e28fa7326d53352adda6912e362da0b917fcef4"},
    {file = "grpcio-1.80.0-cp39-cp39-musllinux_1_2_aarch64.whl", hash = "sha256:4560cf0e86514595dbbd330cd65b7afad4b5c4b8c4905c041cfffa138d45e6fd"},
    {file = "grpcio-1.80.0-cp39-cp39-musllinux_1_2_i686.whl", hash = "sha256:ec0a592e926071b4abad50c1495cd0d0d513324b3ff5e7267067c33ba27506e4"},
    {file = "grpcio-1.80.0-cp39-cp39-musllinux_1_2_x86_64.whl", hash = "sha256:deb10a1528473c11f72a0939eed36d83e847d7cbb63e8cc5611fb7a912d38614"},
    {file = "grpcio-1.80.0-cp39-cp39-win32.whl", hash = "sha256:627fb7312171cdc52828bd6fac8d7028ff2a64b89f1957b6f3416caa2218d141"},
    {file = "grpcio-1.80.0-cp39-cp39-win_amd64.whl", hash = "sha256:05d55e1798756282cddd52d56c896b3e7d673e3a8798c2f1cd05ba249a3bb4de"},
    {file = "grpcio-1.80.0.tar.gz", hash = "sha256:29aca15edd0688c22ba01d7cc01cb000d72b2033f4a3c72a81a19b56fd143257"},
]

[package.dependencies]
typing-extensions = ">=4.12,<5.0"

[package.extras]
protobuf = ["grpcio-tools (>=1.80.0)"]

[package.source]
type = "legacy"
url = "https://pypi.tuna.tsinghua.edu.cn/simple"
reference = "tuna"

[[package]]
name = "markdown-it-py"
version = "4.2.0"
description = "Python port of markdown-it. Markdown parsing, done right!"
optional = false
python-versions = ">=3.10"
groups = ["main"]
files = [
    {file = "markdown_it_py-4.2.0-py3-none-any.whl", hash = "sha256:9f7ebbcd14fe59494226453aed97c1070d83f8d24b6fc3a3bcf9a38092641c4a"},
    {file = "markdown_it_py-4.2.0.tar.gz", hash = "sha256:04a21681d6fbb623de53f6f364d352309d4094dd4194040a10fd51833e418d49"},
]

[package.dependencies]
mdurl = ">=0.1,<1.0"

[package.extras]
benchmarking = ["psutil", "pytest", "pytest-benchmark"]
compare = ["commonmark (>=0.9,<1.0)", "markdown (>=3.4,<4.0)", "markdown-it-pyrs", "mistletoe (>=1.0,<2.0)", "mistune (>=3.0,<4.0)", "panflute (>=2.3,<3.0)"]
linkify = ["linkify-it-py (>=1,<3)"]
plugins = ["mdit-py-plugins (>=0.5.0)"]
profiling = ["gprof2dot"]
rtd = ["ipykernel", "jupyter_sphinx", "mdit-py-plugins (>=0.5.0)", "myst-parser", "pyyaml", "sphinx", "sphinx-book-theme (>=1.0,<2.0)", "sphinx-copybutton", "sphinx-design"]
testing = ["coverage", "pytest", "pytest-cov", "pytest-regressions", "pytest-timeout", "requests"]

[package.source]
type = "legacy"
url = "https://pypi.tuna.tsinghua.edu.cn/simple"
reference = "tuna"

[[package]]
name = "mdurl"
version = "0.1.2"
description = "Markdown URL utilities"
optional = false
python-versions = ">=3.7"
groups = ["main"]
files = [
    {file = "mdurl-0.1.2-py3-none-any.whl", hash = "sha256:84008a41e51615a49fc9966191ff91509e3c40b939176e643fd50a5c2196b8f8"},
    {file = "mdurl-0.1.2.tar.gz", hash = "sha256:bb413d29f5eea38f31dd4754dd7377d4465116fb207585f97bf925588687c1ba"},
]

[package.source]
type = "legacy"
url = "https://pypi.tuna.tsinghua.edu.cn/simple"
reference = "tuna"

[[package]]
name = "protobuf"
version = "7.34.1"
description = ""
optional = false
python-versions = ">=3.10"
groups = ["main"]
files = [
    {file = "protobuf-7.34.1-cp310-abi3-macosx_10_9_universal2.whl", hash = "sha256:d8b2cc79c4d8f62b293ad9b11ec3aebce9af481fa73e64556969f7345ebf9fc7"},
    {file = "protobuf-7.34.1-cp310-abi3-manylinux2014_aarch64.whl", hash = "sha256:5185e0e948d07abe94bb76ec9b8416b604cfe5da6f871d67aad30cbf24c3110b"},
    {file = "protobuf-7.34.1-cp310-abi3-manylinux2014_s390x.whl", hash = "sha256:403b093a6e28a960372b44e5eb081775c9b056e816a8029c61231743d63f881a"},
    {file = "protobuf-7.34.1-cp310-abi3-manylinux2014_x86_64.whl", hash = "sha256:8ff40ce8cd688f7265326b38d5a1bed9bfdf5e6723d49961432f83e21d5713e4"},
    {file = "protobuf-7.34.1-cp310-abi3-win32.whl", hash = "sha256:34b84ce27680df7cca9f231043ada0daa55d0c44a2ddfaa58ec1d0d89d8bf60a"},
    {file = "protobuf-7.34.1-cp310-abi3-win_amd64.whl", hash = "sha256:e97b55646e6ce5cbb0954a8c28cd39a5869b59090dfaa7df4598a7fba869468c"},
    {file = "protobuf-7.34.1-py3-none-any.whl", hash = "sha256:bb3812cd53aefea2b028ef42bd780f5b96407247f20c6ef7c679807e9d188f11"},
    {file = "protobuf-7.34.1.tar.gz", hash = "sha256:9ce42245e704cc5027be797c1db1eb93184d44d1cdd71811fb2d9b25ad541280"},
]

[package.source]
type = "legacy"
url = "https://pypi.tuna.tsinghua.edu.cn/simple"
reference = "tuna"

[[package]]
name = "pygments"
version = "2.20.0"
description = "Pygments is a syntax highlighting package written in Python."
optional = false
python-versions = ">=3.9"
groups = ["main"]
files = [
    {file = "pygments-2.20.0-py3-none-any.whl", hash = "sha256:81a9e26dd42fd28a23a2d169d86d7ac03b46e2f8b59ed4698fb4785f946d0176"},
    {file = "pygments-2.20.0.tar.gz", hash = "sha256:6757cd03768053ff99f3039c1a36d6c0aa0b263438fcab17520b30a303a82b5f"},
]

[package.extras]
windows-terminal = ["colorama (>=0.4.6)"]

[package.source]
type = "legacy"
url = "https://pypi.tuna.tsinghua.edu.cn/simple"
reference = "tuna"

[[package]]
name = "pyserial"
version = "3.5"
description = "Python Serial Port Extension"
optional = false
python-versions = "*"
groups = ["main"]
files = [
    {file = "pyserial-3.5-py2.py3-none-any.whl", hash = "sha256:c4451db6ba391ca6ca299fb3ec7bae67a5c55dde170964c7a14ceefec02f2cf0"},
    {file = "pyserial-3.5.tar.gz", hash = "sha256:3c77e014170dfffbd816e6ffc205e9842efb10be9f58ec16d3e8675b4925cddb"},
]

[package.extras]
cp2110 = ["hidapi"]

[package.source]
type = "legacy"
url = "https://pypi.tuna.tsinghua.edu.cn/simple"
reference = "tuna"

[[package]]
name = "rich"
version = "15.0.0"
description = "Render rich text, tables, progress bars, syntax highlighting, markdown and more to the terminal"
optional = false
python-versions = ">=3.9.0"
groups = ["main"]
files = [
    {file = "rich-15.0.0-py3-none-any.whl", hash = "sha256:33bd4ef74232fb73fe9279a257718407f169c09b78a87ad3d296f548e27de0bb"},
    {file = "rich-15.0.0.tar.gz", hash = "sha256:edd07a4824c6b40189fb7ac9bc4c52536e9780fbbfbddf6f1e2502c31b068c36"},
]

[package.dependencies]
markdown-it-py = ">=2.2.0"
pygments = ">=2.13.0,<3.0.0"

[package.extras]
jupyter = ["ipywidgets (>=7.5.1,<9)"]

[package.source]
type = "legacy"
url = "https://pypi.tuna.tsinghua.edu.cn/simple"
reference = "tuna"

[[package]]
name = "shellingham"
version = "1.5.4"
description = "Tool to Detect Surrounding Shell"
optional = false
python-versions = ">=3.7"
groups = ["main"]
files = [
    {file = "shellingham-1.5.4-py2.py3-none-any.whl", hash = "sha256:7ecfff8f2fd72616f7481040475a65b2bf8af90a56c89140852d1120324e8686"},
    {file = "shellingham-1.5.4.tar.gz", hash = "sha256:8dbca0739d487e5bd35ab3ca4b36e11c4078f3a234bfce294b0a0291363404de"},
]

[package.source]
type = "legacy"
url = "https://pypi.tuna.tsinghua.edu.cn/simple"
reference = "tuna"

[[package]]
name = "typer"
version = "0.24.2"
description = "Typer, build great CLIs. Easy to code. Based on Python type hints."
optional = false
python-versions = ">=3.10"
groups = ["main"]
files = [
    {file = "typer-0.24.2-py3-none-any.whl", hash = "sha256:b618bc3d721f9a8d30f3e05565be26416d06e9bcc29d49bc491dc26aba674fa8"},
    {file = "typer-0.24.2.tar.gz", hash = "sha256:ec070dcfca1408e85ee203c6365001e818c3b7fffe686fd07ff2d68095ca0480"},
]

[package.dependencies]
annotated-doc = ">=0.0.2"
click = ">=8.2.1"
rich = ">=12.3.0"
shellingham = ">=1.3.0"

[package.source]
type = "legacy"
url = "https://pypi.tuna.tsinghua.edu.cn/simple"
reference = "tuna"

[[package]]
name = "typing-extensions"
version = "4.15.0"
description = "Backported and Experimental Type Hints for Python 3.9+"
optional = false
python-versions = ">=3.9"
groups = ["main"]
files = [
    {file = "typing_extensions-4.15.0-py3-none-any.whl", hash = "sha256:f0fa19c6845758ab08074a0cfa8b7aecb71c999ca73d62883bc25cc018c4e548"},
    {file = "typing_extensions-4.15.0.tar.gz", hash = "sha256:0cea48d173cc12fa28ecabc3b837ea3cf6f38c6d1136f85cbaaf598984861466"},
]

[package.source]
type = "legacy"
url = "https://pypi.tuna.tsinghua.edu.cn/simple"
reference = "tuna"

[metadata]
lock-version = "2.1"
python-versions = ">=3.10,<3.13"
content-hash = "b7798fa2219e5d3490d9a199c5aeaea06d507ff43877c355ebd6cc968a5396e0"
